
Microsoft Visual Studio Solution File, Format Version 12.00
# Visual Studio Version 17
VisualStudioVersion = 17.5.33530.505
MinimumVisualStudioVersion = 10.0.40219.1
Project("{FAE04EC0-301F-11D3-BF4B-00C04F79EFBC}") = "Assignment1", "Assignment1.csproj", "{6A4512F4-1EB4-4922-B74F-54219315452E}"
EndProject
Global
	GlobalSection(SolutionConfigurationPlatforms) = preSolution
		Debug|Any CPU = Debug|Any CPU
		Release|Any CPU = Release|Any CPU
	EndGlobalSection
	GlobalSection(ProjectConfigurationPlatforms) = postSolution
		{6A4512F4-1EB4-4922-B74F-54219315452E}.Debug|Any CPU.ActiveCfg = Debug|Any CPU
		{6A4512F4-1EB4-4922-B74F-54219315452E}.Debug|Any CPU.Build.0 = Debug|Any CPU
		{6A4512F4-1EB4-4922-B74F-54219315452E}.Release|Any CPU.ActiveCfg = Release|Any CPU
		{6A4512F4-1EB4-4922-B74F-54219315452E}.Release|Any CPU.Build.0 = Release|Any CPU
	EndGlobalSection
	GlobalSection(SolutionProperties) = preSolution
		HideSolutionNode = FALSE
	EndGlobalSection
	GlobalSection(ExtensibilityGlobals) = postSolution
		SolutionGuid = {F7123BF8-895E-490B-829D-00A2D3B53FC3}
	EndGlobalSection
EndGlobal
